// !$*UTF8*$!
{
	archiveVersion = 1;
	classes = {
	};
	objectVersion = 55;
	objects = {

/* Begin PBXBuildFile section */
		6B2C697F28C1C0EF004A30D4 /* UserLoginWithFirebaseApp.swift in Sources */ = {isa = PBXBuildFile; fileRef = 6B2C697E28C1C0EF004A30D4 /* UserLoginWithFirebaseApp.swift */; };
		6B2C698128C1C0EF004A30D4 /* ContentView.swift in Sources */ = {isa = PBXBuildFile; fileRef = 6B2C698028C1C0EF004A30D4 /* ContentView.swift */; };
		6B2C698328C1C0F0004A30D4 /* Assets.xcassets in Resources */ = {isa = PBXBuildFile; fileRef = 6B2C698228C1C0F0004A30D4 /* Assets.xcassets */; };
		6B2C698628C1C0F0004A30D4 /* Preview Assets.xcassets in Resources */ = {isa = PBXBuildFile; fileRef = 6B2C698528C1C0F0004A30D4 /* Preview Assets.xcassets */; };
		6B2C698D28C1C4F7004A30D4 /* GoogleService-Info.plist in Resources */ = {isa = PBXBuildFile; fileRef = 6B2C698C28C1C4F7004A30D4 /* GoogleService-Info.plist */; };
		6B2C699028C391E2004A30D4 /* FirebaseAuth in Frameworks */ = {isa = PBXBuildFile; productRef = 6B2C698F28C391E2004A30D4 /* FirebaseAuth */; };
		6B2C699228C391E2004A30D4 /* FirebaseDatabase in Frameworks */ = {isa = PBXBuildFile; productRef = 6B2C699128C391E2004A30D4 /* FirebaseDatabase */; };
		6B2C699428C391E2004A30D4 /* FirebaseDatabaseSwift in Frameworks */ = {isa = PBXBuildFile; productRef = 6B2C699328C391E2004A30D4 /* FirebaseDatabaseSwift */; };
		6B2C699628C391E2004A30D4 /* FirebaseFirestore in Frameworks */ = {isa = PBXBuildFile; productRef = 6B2C699528C391E2004A30D4 /* FirebaseFirestore */; };
		6B2C699828C391E2004A30D4 /* FirebaseFirestoreCombine-Community in Frameworks */ = {isa = PBXBuildFile; productRef = 6B2C699728C391E2004A30D4 /* FirebaseFirestoreCombine-Community */; };
		6B2C699A28C391E2004A30D4 /* FirebaseFirestoreSwift in Frameworks */ = {isa = PBXBuildFile; productRef = 6B2C699928C391E2004A30D4 /* FirebaseFirestoreSwift */; };
		6B2C699C28C391E2004A30D4 /* FirebaseStorage in Frameworks */ = {isa = PBXBuildFile; productRef = 6B2C699B28C391E2004A30D4 /* FirebaseStorage */; };
		6B2C699E28C391E2004A30D4 /* FirebaseStorageCombine-Community in Frameworks */ = {isa = PBXBuildFile; productRef = 6B2C699D28C391E2004A30D4 /* FirebaseStorageCombine-Community */; };
		6B2C69A028C3985E004A30D4 /* SignUpView.swift in Sources */ = {isa = PBXBuildFile; fileRef = 6B2C699F28C3985E004A30D4 /* SignUpView.swift */; };
/* End PBXBuildFile section */

/* Begin PBXFileReference section */
		6B2C697B28C1C0EF004A30D4 /* UserLoginWithFirebase.app */ = {isa = PBXFileReference; explicitFileType = wrapper.application; includeInIndex = 0; path = UserLoginWithFirebase.app; sourceTree = BUILT_PRODUCTS_DIR; };
		6B2C697E28C1C0EF004A30D4 /* UserLoginWithFirebaseApp.swift */ = {isa = PBXFileReference; lastKnownFileType = sourcecode.swift; path = UserLoginWithFirebaseApp.swift; sourceTree = "<group>"; };
		6B2C698028C1C0EF004A30D4 /* ContentView.swift */ = {isa = PBXFileReference; lastKnownFileType = sourcecode.swift; path = ContentView.swift; sourceTree = "<group>"; };
		6B2C698228C1C0F0004A30D4 /* Assets.xcassets */ = {isa = PBXFileReference; lastKnownFileType = folder.assetcatalog; path = Assets.xcassets; sourceTree = "<group>"; };
		6B2C698528C1C0F0004A30D4 /* Preview Assets.xcassets */ = {isa = PBXFileReference; lastKnownFileType = folder.assetcatalog; path = "Preview Assets.xcassets"; sourceTree = "<group>"; };
		6B2C698C28C1C4F7004A30D4 /* GoogleService-Info.plist */ = {isa = PBXFileReference; fileEncoding = 4; lastKnownFileType = text.plist.xml; path = "GoogleService-Info.plist"; sourceTree = "<group>"; };
		6B2C699F28C3985E004A30D4 /* SignUpView.swift */ = {isa = PBXFileReference; lastKnownFileType = sourcecode.swift; path = SignUpView.swift; sourceTree = "<group>"; };
/* End PBXFileReference section */

/* Begin PBXFrameworksBuildPhase section */
		6B2C697828C1C0EF004A30D4 /* Frameworks */ = {
			isa = PBXFrameworksBuildPhase;
			buildActionMask = 2147483647;
			files = (
				6B2C699428C391E2004A30D4 /* FirebaseDatabaseSwift in Frameworks */,
				6B2C699628C391E2004A30D4 /* FirebaseFirestore in Frameworks */,
				6B2C699E28C391E2004A30D4 /* FirebaseStorageCombine-Community in Frameworks */,
				6B2C699228C391E2004A30D4 /* FirebaseDatabase in Frameworks */,
				6B2C699828C391E2004A30D4 /* FirebaseFirestoreCombine-Community in Frameworks */,
				6B2C699C28C391E2004A30D4 /* FirebaseStorage in Frameworks */,
				6B2C699028C391E2004A30D4 /* FirebaseAuth in Frameworks */,
				6B2C699A28C391E2004A30D4 /* FirebaseFirestoreSwift in Frameworks */,
			);
			runOnlyForDeploymentPostprocessing = 0;
		};
/* End PBXFrameworksBuildPhase section */

/* Begin PBXGroup section */
		6B2C697228C1C0EF004A30D4 = {
			isa = PBXGroup;
			children = (
				6B2C697D28C1C0EF004A30D4 /* UserLoginWithFirebase */,
				6B2C697C28C1C0EF004A30D4 /* Products */,
			);
			sourceTree = "<group>";
		};
		6B2C697C28C1C0EF004A30D4 /* Products */ = {
			isa = PBXGroup;
			children = (
				6B2C697B28C1C0EF004A30D4 /* UserLoginWithFirebase.app */,
			);
			name = Products;
			sourceTree = "<group>";
		};
		6B2C697D28C1C0EF004A30D4 /* UserLoginWithFirebase */ = {
			isa = PBXGroup;
			children = (
				6B2C697E28C1C0EF004A30D4 /* UserLoginWithFirebaseApp.swift */,
				6B2C698028C1C0EF004A30D4 /* ContentView.swift */,
				6B2C699F28C3985E004A30D4 /* SignUpView.swift */,
				6B2C698C28C1C4F7004A30D4 /* GoogleService-Info.plist */,
				6B2C698228C1C0F0004A30D4 /* Assets.xcassets */,
				6B2C698428C1C0F0004A30D4 /* Preview Content */,
			);
			path = UserLoginWithFirebase;
			sourceTree = "<group>";
		};
		6B2C698428C1C0F0004A30D4 /* Preview Content */ = {
			isa = PBXGroup;
			children = (
				6B2C698528C1C0F0004A30D4 /* Preview Assets.xcassets */,
			);
			path = "Preview Content";
			sourceTree = "<group>";
		};
/* End PBXGroup section */

/* Begin PBXNativeTarget section */
		6B2C697A28C1C0EF004A30D4 /* UserLoginWithFirebase */ = {
			isa = PBXNativeTarget;
			buildConfigurationList = 6B2C698928C1C0F0004A30D4 /* Build configuration list for PBXNativeTarget "UserLoginWithFirebase" */;
			buildPhases = (
				6B2C697728C1C0EF004A30D4 /* Sources */,
				6B2C697828C1C0EF004A30D4 /* Frameworks */,
				6B2C697928C1C0EF004A30D4 /* Resources */,
			);
			buildRules = (
			);
			dependencies = (
			);
			name = UserLoginWithFirebase;
			packageProductDependencies = (
				6B2C698F28C391E2004A30D4 /* FirebaseAuth */,
				6B2C699128C391E2004A30D4 /* FirebaseDatabase */,
				6B2C699328C391E2004A30D4 /* FirebaseDatabaseSwift */,
				6B2C699528C391E2004A30D4 /* FirebaseFirestore */,
				6B2C699728C391E2004A30D4 /* FirebaseFirestoreCombine-Community */,
				6B2C699928C391E2004A30D4 /* FirebaseFirestoreSwift */,
				6B2C699B28C391E2004A30D4 /* FirebaseStorage */,
				6B2C699D28C391E2004A30D4 /* FirebaseStorageCombine-Community */,
			);
			productName = UserLoginWithFirebase;
			productReference = 6B2C697B28C1C0EF004A30D4 /* UserLoginWithFirebase.app */;
			productType = "com.apple.product-type.application";
		};
/* End PBXNativeTarget section */

/* Begin PBXProject section */
		6B2C697328C1C0EF004A30D4 /* Project object */ = {
			isa = PBXProject;
			attributes = {
				BuildIndependentTargetsInParallel = 1;
				LastSwiftUpdateCheck = 1340;
				LastUpgradeCheck = 1340;
				TargetAttributes = {
					6B2C697A28C1C0EF004A30D4 = {
						CreatedOnToolsVersion = 13.4.1;
					};
				};
			};
			buildConfigurationList = 6B2C697628C1C0EF004A30D4 /* Build configuration list for PBXProject "UserLoginWithFirebase" */;
			compatibilityVersion = "Xcode 13.0";
			developmentRegion = en;
			hasScannedForEncodings = 0;
			knownRegions = (
				en,
				Base,
			);
			mainGroup = 6B2C697228C1C0EF004A30D4;
			packageReferences = (
				6B2C698E28C391E2004A30D4 /* XCRemoteSwiftPackageReference "firebase-ios-sdk" */,
			);
			productRefGroup = 6B2C697C28C1C0EF004A30D4 /* Products */;
			projectDirPath = "";
			projectRoot = "";
			targets = (
				6B2C697A28C1C0EF004A30D4 /* UserLoginWithFirebase */,
			);
		};
/* End PBXProject section */

/* Begin PBXResourcesBuildPhase section */
		6B2C697928C1C0EF004A30D4 /* Resources */ = {
			isa = PBXResourcesBuildPhase;
			buildActionMask = 2147483647;
			files = (
				6B2C698628C1C0F0004A30D4 /* Preview Assets.xcassets in Resources */,
				6B2C698328C1C0F0004A30D4 /* Assets.xcassets in Resources */,
				6B2C698D28C1C4F7004A30D4 /* GoogleService-Info.plist in Resources */,
			);
			runOnlyForDeploymentPostprocessing = 0;
		};
/* End PBXResourcesBuildPhase section */

/* Begin PBXSourcesBuildPhase section */
		6B2C697728C1C0EF004A30D4 /* Sources */ = {
			isa = PBXSourcesBuildPhase;
			buildActionMask = 2147483647;
			files = (
				6B2C698128C1C0EF004A30D4 /* ContentView.swift in Sources */,
				6B2C69A028C3985E004A30D4 /* SignUpView.swift in Sources */,
				6B2C697F28C1C0EF004A30D4 /* UserLoginWithFirebaseApp.swift in Sources */,
			);
			runOnlyForDeploymentPostprocessing = 0;
		};
/* End PBXSourcesBuildPhase section */

/* Begin XCBuildConfiguration section */
		6B2C698728C1C0F0004A30D4 /* Debug */ = {
			isa = XCBuildConfiguration;
			buildSettings = {
				ALWAYS_SEARCH_USER_PATHS = NO;
				CLANG_ANALYZER_NONNULL = YES;
				CLANG_ANALYZER_NUMBER_OBJECT_CONVERSION = YES_AGGRESSIVE;
				CLANG_CXX_LANGUAGE_STANDARD = "gnu++17";
				CLANG_ENABLE_MODULES = YES;
				CLANG_ENABLE_OBJC_ARC = YES;
				CLANG_ENABLE_OBJC_WEAK = YES;
				CLANG_WARN_BLOCK_CAPTURE_AUTORELEASING = YES;
				CLANG_WARN_BOOL_CONVERSION = YES;
				CLANG_WARN_COMMA = YES;
				CLANG_WARN_CONSTANT_CONVERSION = YES;
				CLANG_WARN_DEPRECATED_OBJC_IMPLEMENTATIONS = YES;
				CLANG_WARN_DIRECT_OBJC_ISA_USAGE = YES_ERROR;
				CLANG_WARN_DOCUMENTATION_COMMENTS = YES;
				CLANG_WARN_EMPTY_BODY = YES;
				CLANG_WARN_ENUM_CONVERSION = YES;
				CLANG_WARN_INFINITE_RECURSION = YES;
				CLANG_WARN_INT_CONVERSION = YES;
				CLANG_WARN_NON_LITERAL_NULL_CONVERSION = YES;
				CLANG_WARN_OBJC_IMPLICIT_RETAIN_SELF = YES;
				CLANG_WARN_OBJC_LITERAL_CONVERSION = YES;
				CLANG_WARN_OBJC_ROOT_CLASS = YES_ERROR;
				CLANG_WARN_QUOTED_INCLUDE_IN_FRAMEWORK_HEADER = YES;
				CLANG_WARN_RANGE_LOOP_ANALYSIS = YES;
				CLANG_WARN_STRICT_PROTOTYPES = YES;
				CLANG_WARN_SUSPICIOUS_MOVE = YES;
				CLANG_WARN_UNGUARDED_AVAILABILITY = YES_AGGRESSIVE;
				CLANG_WARN_UNREACHABLE_CODE = YES;
				CLANG_WARN__DUPLICATE_METHOD_MATCH = YES;
				COPY_PHASE_STRIP = NO;
				DEBUG_INFORMATION_FORMAT = dwarf;
				ENABLE_STRICT_OBJC_MSGSEND = YES;
				ENABLE_TESTABILITY = YES;
				GCC_C_LANGUAGE_STANDARD = gnu11;
				GCC_DYNAMIC_NO_PIC = NO;
				GCC_NO_COMMON_BLOCKS = YES;
				GCC_OPTIMIZATION_LEVEL = 0;
				GCC_PREPROCESSOR_DEFINITIONS = (
					"DEBUG=1",
					"$(inherited)",
				);
				GCC_WARN_64_TO_32_BIT_CONVERSION = YES;
				GCC_WARN_ABOUT_RETURN_TYPE = YES_ERROR;
				GCC_WARN_UNDECLARED_SELECTOR = YES;
				GCC_WARN_UNINITIALIZED_AUTOS = YES_AGGRESSIVE;
				GCC_WARN_UNUSED_FUNCTION = YES;
				GCC_WARN_UNUSED_VARIABLE = YES;
				IPHONEOS_DEPLOYMENT_TARGET = 15.5;
				MTL_ENABLE_DEBUG_INFO = INCLUDE_SOURCE;
				MTL_FAST_MATH = YES;
				ONLY_ACTIVE_ARCH = YES;
				SDKROOT = iphoneos;
				SWIFT_ACTIVE_COMPILATION_CONDITIONS = DEBUG;
				SWIFT_OPTIMIZATION_LEVEL = "-Onone";
			};
			name = Debug;
		};
		6B2C698828C1C0F0004A30D4 /* Release */ = {
			isa = XCBuildConfiguration;
			buildSettings = {
				ALWAYS_SEARCH_USER_PATHS = NO;
				CLANG_ANALYZER_NONNULL = YES;
				CLANG_ANALYZER_NUMBER_OBJECT_CONVERSION = YES_AGGRESSIVE;
				CLANG_CXX_LANGUAGE_STANDARD = "gnu++17";
				CLANG_ENABLE_MODULES = YES;
				CLANG_ENABLE_OBJC_ARC = YES;
				CLANG_ENABLE_OBJC_WEAK = YES;
				CLANG_WARN_BLOCK_CAPTURE_AUTORELEASING = YES;
				CLANG_WARN_BOOL_CONVERSION = YES;
				CLANG_WARN_COMMA = YES;
				CLANG_WARN_CONSTANT_CONVERSION = YES;
				CLANG_WARN_DEPRECATED_OBJC_IMPLEMENTATIONS = YES;
				CLANG_WARN_DIRECT_OBJC_ISA_USAGE = YES_ERROR;
				CLANG_WARN_DOCUMENTATION_COMMENTS = YES;
				CLANG_WARN_EMPTY_BODY = YES;
				CLANG_WARN_ENUM_CONVERSION = YES;
				CLANG_WARN_INFINITE_RECURSION = YES;
				CLANG_WARN_INT_CONVERSION = YES;
				CLANG_WARN_NON_LITERAL_NULL_CONVERSION = YES;
				CLANG_WARN_OBJC_IMPLICIT_RETAIN_SELF = YES;
				CLANG_WARN_OBJC_LITERAL_CONVERSION = YES;
				CLANG_WARN_OBJC_ROOT_CLASS = YES_ERROR;
				CLANG_WARN_QUOTED_INCLUDE_IN_FRAMEWORK_HEADER = YES;
				CLANG_WARN_RANGE_LOOP_ANALYSIS = YES;
				CLANG_WARN_STRICT_PROTOTYPES = YES;
				CLANG_WARN_SUSPICIOUS_MOVE = YES;
				CLANG_WARN_UNGUARDED_AVAILABILITY = YES_AGGRESSIVE;
				CLANG_WARN_UNREACHABLE_CODE = YES;
				CLANG_WARN__DUPLICATE_METHOD_MATCH = YES;
				COPY_PHASE_STRIP = NO;
				DEBUG_INFORMATION_FORMAT = "dwarf-with-dsym";
				ENABLE_NS_ASSERTIONS = NO;
				ENABLE_STRICT_OBJC_MSGSEND = YES;
				GCC_C_LANGUAGE_STANDARD = gnu11;
				GCC_NO_COMMON_BLOCKS = YES;
				GCC_WARN_64_TO_32_BIT_CONVERSION = YES;
				GCC_WARN_ABOUT_RETURN_TYPE = YES_ERROR;
				GCC_WARN_UNDECLARED_SELECTOR = YES;
				GCC_WARN_UNINITIALIZED_AUTOS = YES_AGGRESSIVE;
				GCC_WARN_UNUSED_FUNCTION = YES;
				GCC_WARN_UNUSED_VARIABLE = YES;
				IPHONEOS_DEPLOYMENT_TARGET = 15.5;
				MTL_ENABLE_DEBUG_INFO = NO;
				MTL_FAST_MATH = YES;
				SDKROOT = iphoneos;
				SWIFT_COMPILATION_MODE = wholemodule;
				SWIFT_OPTIMIZATION_LEVEL = "-O";
				VALIDATE_PRODUCT = YES;
			};
			name = Release;
		};
		6B2C698A28C1C0F0004A30D4 /* Debug */ = {
			isa = XCBuildConfiguration;
			buildSettings = {
				ASSETCATALOG_COMPILER_APPICON_NAME = AppIcon;
				ASSETCATALOG_COMPILER_GLOBAL_ACCENT_COLOR_NAME = AccentColor;
				CODE_SIGN_STYLE = Automatic;
				CURRENT_PROJECT_VERSION = 1;
				DEVELOPMENT_ASSET_PATHS = "\"UserLoginWithFirebase/Preview Content\"";
				DEVELOPMENT_TEAM = 7GL9H6DMF2;
				ENABLE_PREVIEWS = YES;
				GENERATE_INFOPLIST_FILE = YES;
				INFOPLIST_KEY_UIApplicationSceneManifest_Generation = YES;
				INFOPLIST_KEY_UIApplicationSupportsIndirectInputEvents = YES;
				INFOPLIST_KEY_UILaunchScreen_Generation = YES;
				INFOPLIST_KEY_UISupportedInterfaceOrientations_iPad = "UIInterfaceOrientationPortrait UIInterfaceOrientationPortraitUpsideDown UIInterfaceOrientationLandscapeLeft UIInterfaceOrientationLandscapeRight";
				INFOPLIST_KEY_UISupportedInterfaceOrientations_iPhone = "UIInterfaceOrientationPortrait UIInterfaceOrientationLandscapeLeft UIInterfaceOrientationLandscapeRight";
				LD_RUNPATH_SEARCH_PATHS = (
					"$(inherited)",
					"@executable_path/Frameworks",
				);
				MARKETING_VERSION = 1.0;
				PRODUCT_BUNDLE_IDENTIFIER = vn.edu.rmit.tom.UserLoginWithFirebase;
				PRODUCT_NAME = "$(TARGET_NAME)";
				SWIFT_EMIT_LOC_STRINGS = YES;
				SWIFT_VERSION = 5.0;
				TARGETED_DEVICE_FAMILY = "1,2";
			};
			name = Debug;
		};
		6B2C698B28C1C0F0004A30D4 /* Release */ = {
			isa = XCBuildConfiguration;
			buildSettings = {
				ASSETCATALOG_COMPILER_APPICON_NAME = AppIcon;
				ASSETCATALOG_COMPILER_GLOBAL_ACCENT_COLOR_NAME = AccentColor;
				CODE_SIGN_STYLE = Automatic;
				CURRENT_PROJECT_VERSION = 1;
				DEVELOPMENT_ASSET_PATHS = "\"UserLoginWithFirebase/Preview Content\"";
				DEVELOPMENT_TEAM = 7GL9H6DMF2;
				ENABLE_PREVIEWS = YES;
				GENERATE_INFOPLIST_FILE = YES;
				INFOPLIST_KEY_UIApplicationSceneManifest_Generation = YES;
				INFOPLIST_KEY_UIApplicationSupportsIndirectInputEvents = YES;
				INFOPLIST_KEY_UILaunchScreen_Generation = YES;
				INFOPLIST_KEY_UISupportedInterfaceOrientations_iPad = "UIInterfaceOrientationPortrait UIInterfaceOrientationPortraitUpsideDown UIInterfaceOrientationLandscapeLeft UIInterfaceOrientationLandscapeRight";
				INFOPLIST_KEY_UISupportedInterfaceOrientations_iPhone = "UIInterfaceOrientationPortrait UIInterfaceOrientationLandscapeLeft UIInterfaceOrientationLandscapeRight";
				LD_RUNPATH_SEARCH_PATHS = (
					"$(inherited)",
					"@executable_path/Frameworks",
				);
				MARKETING_VERSION = 1.0;
				PRODUCT_BUNDLE_IDENTIFIER = vn.edu.rmit.tom.UserLoginWithFirebase;
				PRODUCT_NAME = "$(TARGET_NAME)";
				SWIFT_EMIT_LOC_STRINGS = YES;
				SWIFT_VERSION = 5.0;
				TARGETED_DEVICE_FAMILY = "1,2";
			};
			name = Release;
		};
/* End XCBuildConfiguration section */

/* Begin XCConfigurationList section */
		6B2C697628C1C0EF004A30D4 /* Build configuration list for PBXProject "UserLoginWithFirebase" */ = {
			isa = XCConfigurationList;
			buildConfigurations = (
				6B2C698728C1C0F0004A30D4 /* Debug */,
				6B2C698828C1C0F0004A30D4 /* Release */,
			);
			defaultConfigurationIsVisible = 0;
			defaultConfigurationName = Release;
		};
		6B2C698928C1C0F0004A30D4 /* Build configuration list for PBXNativeTarget "UserLoginWithFirebase" */ = {
			isa = XCConfigurationList;
			buildConfigurations = (
				6B2C698A28C1C0F0004A30D4 /* Debug */,
				6B2C698B28C1C0F0004A30D4 /* Release */,
			);
			defaultConfigurationIsVisible = 0;
			defaultConfigurationName = Release;
		};
/* End XCConfigurationList section */

/* Begin XCRemoteSwiftPackageReference section */
		6B2C698E28C391E2004A30D4 /* XCRemoteSwiftPackageReference "firebase-ios-sdk" */ = {
			isa = XCRemoteSwiftPackageReference;
			repositoryURL = "https://github.com/firebase/firebase-ios-sdk";
			requirement = {
				branch = master;
				kind = branch;
			};
		};
/* End XCRemoteSwiftPackageReference section */

/* Begin XCSwiftPackageProductDependency section */
		6B2C698F28C391E2004A30D4 /* FirebaseAuth */ = {
			isa = XCSwiftPackageProductDependency;
			package = 6B2C698E28C391E2004A30D4 /* XCRemoteSwiftPackageReference "firebase-ios-sdk" */;
			productName = FirebaseAuth;
		};
		6B2C699128C391E2004A30D4 /* FirebaseDatabase */ = {
			isa = XCSwiftPackageProductDependency;
			package = 6B2C698E28C391E2004A30D4 /* XCRemoteSwiftPackageReference "firebase-ios-sdk" */;
			productName = FirebaseDatabase;
		};
		6B2C699328C391E2004A30D4 /* FirebaseDatabaseSwift */ = {
			isa = XCSwiftPackageProductDependency;
			package = 6B2C698E28C391E2004A30D4 /* XCRemoteSwiftPackageReference "firebase-ios-sdk" */;
			productName = FirebaseDatabaseSwift;
		};
		6B2C699528C391E2004A30D4 /* FirebaseFirestore */ = {
			isa = XCSwiftPackageProductDependency;
			package = 6B2C698E28C391E2004A30D4 /* XCRemoteSwiftPackageReference "firebase-ios-sdk" */;
			productName = FirebaseFirestore;
		};
		6B2C699728C391E2004A30D4 /* FirebaseFirestoreCombine-Community */ = {
			isa = XCSwiftPackageProductDependency;
			package = 6B2C698E28C391E2004A30D4 /* XCRemoteSwiftPackageReference "firebase-ios-sdk" */;
			productName = "FirebaseFirestoreCombine-Community";
		};
		6B2C699928C391E2004A30D4 /* FirebaseFirestoreSwift */ = {
			isa = XCSwiftPackageProductDependency;
			package = 6B2C698E28C391E2004A30D4 /* XCRemoteSwiftPackageReference "firebase-ios-sdk" */;
			productName = FirebaseFirestoreSwift;
		};
		6B2C699B28C391E2004A30D4 /* FirebaseStorage */ = {
			isa = XCSwiftPackageProductDependency;
			package = 6B2C698E28C391E2004A30D4 /* XCRemoteSwiftPackageReference "firebase-ios-sdk" */;
			productName = FirebaseStorage;
		};
		6B2C699D28C391E2004A30D4 /* FirebaseStorageCombine-Community */ = {
			isa = XCSwiftPackageProductDependency;
			package = 6B2C698E28C391E2004A30D4 /* XCRemoteSwiftPackageReference "firebase-ios-sdk" */;
			productName = "FirebaseStorageCombine-Community";
		};
/* End XCSwiftPackageProductDependency section */
	};
	rootObject = 6B2C697328C1C0EF004A30D4 /* Project object */;
}
